// !$*UTF8*$!
{
	archiveVersion = 1;
	classes = {
	};
	objectVersion = 56;
	objects = {

/* Begin PBXBuildFile section */
		FA273FEC2AE529C900363F8E /* SwiftUIAnimationsApp.swift in Sources */ = {isa = PBXBuildFile; fileRef = FA273FEB2AE529C900363F8E /* SwiftUIAnimationsApp.swift */; };
		FA273FEE2AE529C900363F8E /* ContentView.swift in Sources */ = {isa = PBXBuildFile; fileRef = FA273FED2AE529C900363F8E /* ContentView.swift */; };
		FA273FF02AE529C900363F8E /* Assets.xcassets in Resources */ = {isa = PBXBuildFile; fileRef = FA273FEF2AE529C900363F8E /* Assets.xcassets */; };
		FA273FF32AE529C900363F8E /* Preview Assets.xcassets in Resources */ = {isa = PBXBuildFile; fileRef = FA273FF22AE529C900363F8E /* Preview Assets.xcassets */; };
		FA273FFB2AE52BB700363F8E /* HelperTemplate.swift in Sources */ = {isa = PBXBuildFile; fileRef = FA273FFA2AE52BB700363F8E /* HelperTemplate.swift */; };
		FA8568C12AE5681D00038886 /* AnimationsEntryView.swift in Sources */ = {isa = PBXBuildFile; fileRef = FA8568C02AE5681D00038886 /* AnimationsEntryView.swift */; };
		FAB56DB42AE5306900F62EF4 /* NoAnimation.swift in Sources */ = {isa = PBXBuildFile; fileRef = FAB56DB32AE5306900F62EF4 /* NoAnimation.swift */; };
		FAB56DB62AE5367A00F62EF4 /* WithAnimation.swift in Sources */ = {isa = PBXBuildFile; fileRef = FAB56DB52AE5367A00F62EF4 /* WithAnimation.swift */; };
		FAB56DB82AE53B0E00F62EF4 /* CurveOptions.swift in Sources */ = {isa = PBXBuildFile; fileRef = FAB56DB72AE53B0E00F62EF4 /* CurveOptions.swift */; };
		FAB56DBA2AE53D0D00F62EF4 /* WidthAnimationView.swift in Sources */ = {isa = PBXBuildFile; fileRef = FAB56DB92AE53D0D00F62EF4 /* WidthAnimationView.swift */; };
		FAB56DBC2AE53EC700F62EF4 /* ColorAnimations.swift in Sources */ = {isa = PBXBuildFile; fileRef = FAB56DBB2AE53EC700F62EF4 /* ColorAnimations.swift */; };
		FAB56DBE2AE5408300F62EF4 /* ChallengeView.swift in Sources */ = {isa = PBXBuildFile; fileRef = FAB56DBD2AE5408300F62EF4 /* ChallengeView.swift */; };
		FAB56DC32AE5457B00F62EF4 /* RotationAroundAnchors.swift in Sources */ = {isa = PBXBuildFile; fileRef = FAB56DC22AE5457B00F62EF4 /* RotationAroundAnchors.swift */; };
		FAB56DC52AE5483700F62EF4 /* ScalingFromAnAnchorPoint.swift in Sources */ = {isa = PBXBuildFile; fileRef = FAB56DC42AE5483700F62EF4 /* ScalingFromAnAnchorPoint.swift */; };
		FAB56DC72AE54BC200F62EF4 /* TextSizeAnimationView.swift in Sources */ = {isa = PBXBuildFile; fileRef = FAB56DC62AE54BC200F62EF4 /* TextSizeAnimationView.swift */; };
		FAB56DC92AE54D4B00F62EF4 /* AnimatablePropertiesChallange.swift in Sources */ = {isa = PBXBuildFile; fileRef = FAB56DC82AE54D4B00F62EF4 /* AnimatablePropertiesChallange.swift */; };
/* End PBXBuildFile section */

/* Begin PBXFileReference section */
		FA273FE82AE529C900363F8E /* SwiftUIAnimations.app */ = {isa = PBXFileReference; explicitFileType = wrapper.application; includeInIndex = 0; path = SwiftUIAnimations.app; sourceTree = BUILT_PRODUCTS_DIR; };
		FA273FEB2AE529C900363F8E /* SwiftUIAnimationsApp.swift */ = {isa = PBXFileReference; lastKnownFileType = sourcecode.swift; path = SwiftUIAnimationsApp.swift; sourceTree = "<group>"; };
		FA273FED2AE529C900363F8E /* ContentView.swift */ = {isa = PBXFileReference; lastKnownFileType = sourcecode.swift; path = ContentView.swift; sourceTree = "<group>"; };
		FA273FEF2AE529C900363F8E /* Assets.xcassets */ = {isa = PBXFileReference; lastKnownFileType = folder.assetcatalog; path = Assets.xcassets; sourceTree = "<group>"; };
		FA273FF22AE529C900363F8E /* Preview Assets.xcassets */ = {isa = PBXFileReference; lastKnownFileType = folder.assetcatalog; path = "Preview Assets.xcassets"; sourceTree = "<group>"; };
		FA273FFA2AE52BB700363F8E /* HelperTemplate.swift */ = {isa = PBXFileReference; lastKnownFileType = sourcecode.swift; path = HelperTemplate.swift; sourceTree = "<group>"; };
		FA8568C02AE5681D00038886 /* AnimationsEntryView.swift */ = {isa = PBXFileReference; lastKnownFileType = sourcecode.swift; path = AnimationsEntryView.swift; sourceTree = "<group>"; };
		FAB56DB32AE5306900F62EF4 /* NoAnimation.swift */ = {isa = PBXFileReference; lastKnownFileType = sourcecode.swift; path = NoAnimation.swift; sourceTree = "<group>"; };
		FAB56DB52AE5367A00F62EF4 /* WithAnimation.swift */ = {isa = PBXFileReference; lastKnownFileType = sourcecode.swift; path = WithAnimation.swift; sourceTree = "<group>"; };
		FAB56DB72AE53B0E00F62EF4 /* CurveOptions.swift */ = {isa = PBXFileReference; lastKnownFileType = sourcecode.swift; path = CurveOptions.swift; sourceTree = "<group>"; };
		FAB56DB92AE53D0D00F62EF4 /* WidthAnimationView.swift */ = {isa = PBXFileReference; lastKnownFileType = sourcecode.swift; path = WidthAnimationView.swift; sourceTree = "<group>"; };
		FAB56DBB2AE53EC700F62EF4 /* ColorAnimations.swift */ = {isa = PBXFileReference; lastKnownFileType = sourcecode.swift; path = ColorAnimations.swift; sourceTree = "<group>"; };
		FAB56DBD2AE5408300F62EF4 /* ChallengeView.swift */ = {isa = PBXFileReference; lastKnownFileType = sourcecode.swift; path = ChallengeView.swift; sourceTree = "<group>"; };
		FAB56DC22AE5457B00F62EF4 /* RotationAroundAnchors.swift */ = {isa = PBXFileReference; lastKnownFileType = sourcecode.swift; path = RotationAroundAnchors.swift; sourceTree = "<group>"; };
		FAB56DC42AE5483700F62EF4 /* ScalingFromAnAnchorPoint.swift */ = {isa = PBXFileReference; lastKnownFileType = sourcecode.swift; path = ScalingFromAnAnchorPoint.swift; sourceTree = "<group>"; };
		FAB56DC62AE54BC200F62EF4 /* TextSizeAnimationView.swift */ = {isa = PBXFileReference; lastKnownFileType = sourcecode.swift; path = TextSizeAnimationView.swift; sourceTree = "<group>"; };
		FAB56DC82AE54D4B00F62EF4 /* AnimatablePropertiesChallange.swift */ = {isa = PBXFileReference; lastKnownFileType = sourcecode.swift; path = AnimatablePropertiesChallange.swift; sourceTree = "<group>"; };
/* End PBXFileReference section */

/* Begin PBXFrameworksBuildPhase section */
		FA273FE52AE529C900363F8E /* Frameworks */ = {
			isa = PBXFrameworksBuildPhase;
			buildActionMask = 2147483647;
			files = (
			);
			runOnlyForDeploymentPostprocessing = 0;
		};
/* End PBXFrameworksBuildPhase section */

/* Begin PBXGroup section */
		FA273FDF2AE529C900363F8E = {
			isa = PBXGroup;
			children = (
				FA273FEA2AE529C900363F8E /* SwiftUIAnimations */,
				FA273FE92AE529C900363F8E /* Products */,
			);
			sourceTree = "<group>";
		};
		FA273FE92AE529C900363F8E /* Products */ = {
			isa = PBXGroup;
			children = (
				FA273FE82AE529C900363F8E /* SwiftUIAnimations.app */,
			);
			name = Products;
			sourceTree = "<group>";
		};
		FA273FEA2AE529C900363F8E /* SwiftUIAnimations */ = {
			isa = PBXGroup;
			children = (
				FA8568BE2AE567CC00038886 /* Screens */,
				FA273FEB2AE529C900363F8E /* SwiftUIAnimationsApp.swift */,
				FA273FED2AE529C900363F8E /* ContentView.swift */,
				FA273FFA2AE52BB700363F8E /* HelperTemplate.swift */,
				FA273FEF2AE529C900363F8E /* Assets.xcassets */,
				FA273FF12AE529C900363F8E /* Preview Content */,
			);
			path = SwiftUIAnimations;
			sourceTree = "<group>";
		};
		FA273FF12AE529C900363F8E /* Preview Content */ = {
			isa = PBXGroup;
			children = (
				FA273FF22AE529C900363F8E /* Preview Assets.xcassets */,
			);
			path = "Preview Content";
			sourceTree = "<group>";
		};
		FA8568BE2AE567CC00038886 /* Screens */ = {
			isa = PBXGroup;
			children = (
				FA8568BF2AE567DA00038886 /* Animations */,
			);
			path = Screens;
			sourceTree = "<group>";
		};
		FA8568BF2AE567DA00038886 /* Animations */ = {
			isa = PBXGroup;
			children = (
				FAB56DB22AE5304400F62EF4 /* GettingStarted */,
				FAB56DBF2AE5440B00F62EF4 /* AnimatableProperties */,
				FA8568C02AE5681D00038886 /* AnimationsEntryView.swift */,
			);
			path = Animations;
			sourceTree = "<group>";
		};
		FAB56DB22AE5304400F62EF4 /* GettingStarted */ = {
			isa = PBXGroup;
			children = (
				FAB56DB32AE5306900F62EF4 /* NoAnimation.swift */,
				FAB56DB52AE5367A00F62EF4 /* WithAnimation.swift */,
				FAB56DB72AE53B0E00F62EF4 /* CurveOptions.swift */,
				FAB56DB92AE53D0D00F62EF4 /* WidthAnimationView.swift */,
				FAB56DBB2AE53EC700F62EF4 /* ColorAnimations.swift */,
				FAB56DBD2AE5408300F62EF4 /* ChallengeView.swift */,
			);
			path = GettingStarted;
			sourceTree = "<group>";
		};
		FAB56DBF2AE5440B00F62EF4 /* AnimatableProperties */ = {
			isa = PBXGroup;
			children = (
				FAB56DC22AE5457B00F62EF4 /* RotationAroundAnchors.swift */,
				FAB56DC42AE5483700F62EF4 /* ScalingFromAnAnchorPoint.swift */,
				FAB56DC62AE54BC200F62EF4 /* TextSizeAnimationView.swift */,
				FAB56DC82AE54D4B00F62EF4 /* AnimatablePropertiesChallange.swift */,
			);
			path = AnimatableProperties;
			sourceTree = "<group>";
		};
/* End PBXGroup section */

/* Begin PBXNativeTarget section */
		FA273FE72AE529C900363F8E /* SwiftUIAnimations */ = {
			isa = PBXNativeTarget;
			buildConfigurationList = FA273FF62AE529C900363F8E /* Build configuration list for PBXNativeTarget "SwiftUIAnimations" */;
			buildPhases = (
				FA273FE42AE529C900363F8E /* Sources */,
				FA273FE52AE529C900363F8E /* Frameworks */,
				FA273FE62AE529C900363F8E /* Resources */,
			);
			buildRules = (
			);
			dependencies = (
			);
			name = SwiftUIAnimations;
			productName = SwiftUIAnimations;
			productReference = FA273FE82AE529C900363F8E /* SwiftUIAnimations.app */;
			productType = "com.apple.product-type.application";
		};
/* End PBXNativeTarget section */

/* Begin PBXProject section */
		FA273FE02AE529C900363F8E /* Project object */ = {
			isa = PBXProject;
			attributes = {
				BuildIndependentTargetsInParallel = 1;
				LastSwiftUpdateCheck = 1500;
				LastUpgradeCheck = 1500;
				TargetAttributes = {
					FA273FE72AE529C900363F8E = {
						CreatedOnToolsVersion = 15.0.1;
					};
				};
			};
			buildConfigurationList = FA273FE32AE529C900363F8E /* Build configuration list for PBXProject "SwiftUIAnimations" */;
			compatibilityVersion = "Xcode 14.0";
			developmentRegion = en;
			hasScannedForEncodings = 0;
			knownRegions = (
				en,
				Base,
			);
			mainGroup = FA273FDF2AE529C900363F8E;
			productRefGroup = FA273FE92AE529C900363F8E /* Products */;
			projectDirPath = "";
			projectRoot = "";
			targets = (
				FA273FE72AE529C900363F8E /* SwiftUIAnimations */,
			);
		};
/* End PBXProject section */

/* Begin PBXResourcesBuildPhase section */
		FA273FE62AE529C900363F8E /* Resources */ = {
			isa = PBXResourcesBuildPhase;
			buildActionMask = 2147483647;
			files = (
				FA273FF32AE529C900363F8E /* Preview Assets.xcassets in Resources */,
				FA273FF02AE529C900363F8E /* Assets.xcassets in Resources */,
			);
			runOnlyForDeploymentPostprocessing = 0;
		};
/* End PBXResourcesBuildPhase section */

/* Begin PBXSourcesBuildPhase section */
		FA273FE42AE529C900363F8E /* Sources */ = {
			isa = PBXSourcesBuildPhase;
			buildActionMask = 2147483647;
			files = (
				FAB56DB82AE53B0E00F62EF4 /* CurveOptions.swift in Sources */,
				FA273FEE2AE529C900363F8E /* ContentView.swift in Sources */,
				FA8568C12AE5681D00038886 /* AnimationsEntryView.swift in Sources */,
				FAB56DBE2AE5408300F62EF4 /* ChallengeView.swift in Sources */,
				FAB56DC92AE54D4B00F62EF4 /* AnimatablePropertiesChallange.swift in Sources */,
				FAB56DBC2AE53EC700F62EF4 /* ColorAnimations.swift in Sources */,
				FAB56DB62AE5367A00F62EF4 /* WithAnimation.swift in Sources */,
				FAB56DC72AE54BC200F62EF4 /* TextSizeAnimationView.swift in Sources */,
				FAB56DBA2AE53D0D00F62EF4 /* WidthAnimationView.swift in Sources */,
				FAB56DB42AE5306900F62EF4 /* NoAnimation.swift in Sources */,
				FAB56DC32AE5457B00F62EF4 /* RotationAroundAnchors.swift in Sources */,
				FA273FFB2AE52BB700363F8E /* HelperTemplate.swift in Sources */,
				FA273FEC2AE529C900363F8E /* SwiftUIAnimationsApp.swift in Sources */,
				FAB56DC52AE5483700F62EF4 /* ScalingFromAnAnchorPoint.swift in Sources */,
			);
			runOnlyForDeploymentPostprocessing = 0;
		};
/* End PBXSourcesBuildPhase section */

/* Begin XCBuildConfiguration section */
		FA273FF42AE529C900363F8E /* Debug */ = {
			isa = XCBuildConfiguration;
			buildSettings = {
				ALWAYS_SEARCH_USER_PATHS = NO;
				ASSETCATALOG_COMPILER_GENERATE_SWIFT_ASSET_SYMBOL_EXTENSIONS = YES;
				CLANG_ANALYZER_NONNULL = YES;
				CLANG_ANALYZER_NUMBER_OBJECT_CONVERSION = YES_AGGRESSIVE;
				CLANG_CXX_LANGUAGE_STANDARD = "gnu++20";
				CLANG_ENABLE_MODULES = YES;
				CLANG_ENABLE_OBJC_ARC = YES;
				CLANG_ENABLE_OBJC_WEAK = YES;
				CLANG_WARN_BLOCK_CAPTURE_AUTORELEASING = YES;
				CLANG_WARN_BOOL_CONVERSION = YES;
				CLANG_WARN_COMMA = YES;
				CLANG_WARN_CONSTANT_CONVERSION = YES;
				CLANG_WARN_DEPRECATED_OBJC_IMPLEMENTATIONS = YES;
				CLANG_WARN_DIRECT_OBJC_ISA_USAGE = YES_ERROR;
				CLANG_WARN_DOCUMENTATION_COMMENTS = YES;
				CLANG_WARN_EMPTY_BODY = YES;
				CLANG_WARN_ENUM_CONVERSION = YES;
				CLANG_WARN_INFINITE_RECURSION = YES;
				CLANG_WARN_INT_CONVERSION = YES;
				CLANG_WARN_NON_LITERAL_NULL_CONVERSION = YES;
				CLANG_WARN_OBJC_IMPLICIT_RETAIN_SELF = YES;
				CLANG_WARN_OBJC_LITERAL_CONVERSION = YES;
				CLANG_WARN_OBJC_ROOT_CLASS = YES_ERROR;
				CLANG_WARN_QUOTED_INCLUDE_IN_FRAMEWORK_HEADER = YES;
				CLANG_WARN_RANGE_LOOP_ANALYSIS = YES;
				CLANG_WARN_STRICT_PROTOTYPES = YES;
				CLANG_WARN_SUSPICIOUS_MOVE = YES;
				CLANG_WARN_UNGUARDED_AVAILABILITY = YES_AGGRESSIVE;
				CLANG_WARN_UNREACHABLE_CODE = YES;
				CLANG_WARN__DUPLICATE_METHOD_MATCH = YES;
				COPY_PHASE_STRIP = NO;
				DEBUG_INFORMATION_FORMAT = dwarf;
				ENABLE_STRICT_OBJC_MSGSEND = YES;
				ENABLE_TESTABILITY = YES;
				ENABLE_USER_SCRIPT_SANDBOXING = YES;
				GCC_C_LANGUAGE_STANDARD = gnu17;
				GCC_DYNAMIC_NO_PIC = NO;
				GCC_NO_COMMON_BLOCKS = YES;
				GCC_OPTIMIZATION_LEVEL = 0;
				GCC_PREPROCESSOR_DEFINITIONS = (
					"DEBUG=1",
					"$(inherited)",
				);
				GCC_WARN_64_TO_32_BIT_CONVERSION = YES;
				GCC_WARN_ABOUT_RETURN_TYPE = YES_ERROR;
				GCC_WARN_UNDECLARED_SELECTOR = YES;
				GCC_WARN_UNINITIALIZED_AUTOS = YES_AGGRESSIVE;
				GCC_WARN_UNUSED_FUNCTION = YES;
				GCC_WARN_UNUSED_VARIABLE = YES;
				IPHONEOS_DEPLOYMENT_TARGET = 17.0;
				LOCALIZATION_PREFERS_STRING_CATALOGS = YES;
				MTL_ENABLE_DEBUG_INFO = INCLUDE_SOURCE;
				MTL_FAST_MATH = YES;
				ONLY_ACTIVE_ARCH = YES;
				SDKROOT = iphoneos;
				SWIFT_ACTIVE_COMPILATION_CONDITIONS = "DEBUG $(inherited)";
				SWIFT_OPTIMIZATION_LEVEL = "-Onone";
			};
			name = Debug;
		};
		FA273FF52AE529C900363F8E /* Release */ = {
			isa = XCBuildConfiguration;
			buildSettings = {
				ALWAYS_SEARCH_USER_PATHS = NO;
				ASSETCATALOG_COMPILER_GENERATE_SWIFT_ASSET_SYMBOL_EXTENSIONS = YES;
				CLANG_ANALYZER_NONNULL = YES;
				CLANG_ANALYZER_NUMBER_OBJECT_CONVERSION = YES_AGGRESSIVE;
				CLANG_CXX_LANGUAGE_STANDARD = "gnu++20";
				CLANG_ENABLE_MODULES = YES;
				CLANG_ENABLE_OBJC_ARC = YES;
				CLANG_ENABLE_OBJC_WEAK = YES;
				CLANG_WARN_BLOCK_CAPTURE_AUTORELEASING = YES;
				CLANG_WARN_BOOL_CONVERSION = YES;
				CLANG_WARN_COMMA = YES;
				CLANG_WARN_CONSTANT_CONVERSION = YES;
				CLANG_WARN_DEPRECATED_OBJC_IMPLEMENTATIONS = YES;
				CLANG_WARN_DIRECT_OBJC_ISA_USAGE = YES_ERROR;
				CLANG_WARN_DOCUMENTATION_COMMENTS = YES;
				CLANG_WARN_EMPTY_BODY = YES;
				CLANG_WARN_ENUM_CONVERSION = YES;
				CLANG_WARN_INFINITE_RECURSION = YES;
				CLANG_WARN_INT_CONVERSION = YES;
				CLANG_WARN_NON_LITERAL_NULL_CONVERSION = YES;
				CLANG_WARN_OBJC_IMPLICIT_RETAIN_SELF = YES;
				CLANG_WARN_OBJC_LITERAL_CONVERSION = YES;
				CLANG_WARN_OBJC_ROOT_CLASS = YES_ERROR;
				CLANG_WARN_QUOTED_INCLUDE_IN_FRAMEWORK_HEADER = YES;
				CLANG_WARN_RANGE_LOOP_ANALYSIS = YES;
				CLANG_WARN_STRICT_PROTOTYPES = YES;
				CLANG_WARN_SUSPICIOUS_MOVE = YES;
				CLANG_WARN_UNGUARDED_AVAILABILITY = YES_AGGRESSIVE;
				CLANG_WARN_UNREACHABLE_CODE = YES;
				CLANG_WARN__DUPLICATE_METHOD_MATCH = YES;
				COPY_PHASE_STRIP = NO;
				DEBUG_INFORMATION_FORMAT = "dwarf-with-dsym";
				ENABLE_NS_ASSERTIONS = NO;
				ENABLE_STRICT_OBJC_MSGSEND = YES;
				ENABLE_USER_SCRIPT_SANDBOXING = YES;
				GCC_C_LANGUAGE_STANDARD = gnu17;
				GCC_NO_COMMON_BLOCKS = YES;
				GCC_WARN_64_TO_32_BIT_CONVERSION = YES;
				GCC_WARN_ABOUT_RETURN_TYPE = YES_ERROR;
				GCC_WARN_UNDECLARED_SELECTOR = YES;
				GCC_WARN_UNINITIALIZED_AUTOS = YES_AGGRESSIVE;
				GCC_WARN_UNUSED_FUNCTION = YES;
				GCC_WARN_UNUSED_VARIABLE = YES;
				IPHONEOS_DEPLOYMENT_TARGET = 17.0;
				LOCALIZATION_PREFERS_STRING_CATALOGS = YES;
				MTL_ENABLE_DEBUG_INFO = NO;
				MTL_FAST_MATH = YES;
				SDKROOT = iphoneos;
				SWIFT_COMPILATION_MODE = wholemodule;
				VALIDATE_PRODUCT = YES;
			};
			name = Release;
		};
		FA273FF72AE529C900363F8E /* Debug */ = {
			isa = XCBuildConfiguration;
			buildSettings = {
				ASSETCATALOG_COMPILER_APPICON_NAME = AppIcon;
				ASSETCATALOG_COMPILER_GLOBAL_ACCENT_COLOR_NAME = AccentColor;
				CODE_SIGN_STYLE = Automatic;
				CURRENT_PROJECT_VERSION = 1;
				DEVELOPMENT_ASSET_PATHS = "\"SwiftUIAnimations/Preview Content\"";
				DEVELOPMENT_TEAM = TC5NAG48V4;
				ENABLE_PREVIEWS = YES;
				GENERATE_INFOPLIST_FILE = YES;
				INFOPLIST_KEY_UIApplicationSceneManifest_Generation = YES;
				INFOPLIST_KEY_UIApplicationSupportsIndirectInputEvents = YES;
				INFOPLIST_KEY_UILaunchScreen_Generation = YES;
				INFOPLIST_KEY_UISupportedInterfaceOrientations_iPad = "UIInterfaceOrientationPortrait UIInterfaceOrientationPortraitUpsideDown UIInterfaceOrientationLandscapeLeft UIInterfaceOrientationLandscapeRight";
				INFOPLIST_KEY_UISupportedInterfaceOrientations_iPhone = "UIInterfaceOrientationPortrait UIInterfaceOrientationLandscapeLeft UIInterfaceOrientationLandscapeRight";
				LD_RUNPATH_SEARCH_PATHS = (
					"$(inherited)",
					"@executable_path/Frameworks",
				);
				MARKETING_VERSION = 1.0;
				PRODUCT_BUNDLE_IDENTIFIER = littleAlex.SwiftUIAnimations;
				PRODUCT_NAME = "$(TARGET_NAME)";
				SWIFT_EMIT_LOC_STRINGS = YES;
				SWIFT_VERSION = 5.0;
				TARGETED_DEVICE_FAMILY = "1,2";
			};
			name = Debug;
		};
		FA273FF82AE529C900363F8E /* Release */ = {
			isa = XCBuildConfiguration;
			buildSettings = {
				ASSETCATALOG_COMPILER_APPICON_NAME = AppIcon;
				ASSETCATALOG_COMPILER_GLOBAL_ACCENT_COLOR_NAME = AccentColor;
				CODE_SIGN_STYLE = Automatic;
				CURRENT_PROJECT_VERSION = 1;
				DEVELOPMENT_ASSET_PATHS = "\"SwiftUIAnimations/Preview Content\"";
				DEVELOPMENT_TEAM = TC5NAG48V4;
				ENABLE_PREVIEWS = YES;
				GENERATE_INFOPLIST_FILE = YES;
				INFOPLIST_KEY_UIApplicationSceneManifest_Generation = YES;
				INFOPLIST_KEY_UIApplicationSupportsIndirectInputEvents = YES;
				INFOPLIST_KEY_UILaunchScreen_Generation = YES;
				INFOPLIST_KEY_UISupportedInterfaceOrientations_iPad = "UIInterfaceOrientationPortrait UIInterfaceOrientationPortraitUpsideDown UIInterfaceOrientationLandscapeLeft UIInterfaceOrientationLandscapeRight";
				INFOPLIST_KEY_UISupportedInterfaceOrientations_iPhone = "UIInterfaceOrientationPortrait UIInterfaceOrientationLandscapeLeft UIInterfaceOrientationLandscapeRight";
				LD_RUNPATH_SEARCH_PATHS = (
					"$(inherited)",
					"@executable_path/Frameworks",
				);
				MARKETING_VERSION = 1.0;
				PRODUCT_BUNDLE_IDENTIFIER = littleAlex.SwiftUIAnimations;
				PRODUCT_NAME = "$(TARGET_NAME)";
				SWIFT_EMIT_LOC_STRINGS = YES;
				SWIFT_VERSION = 5.0;
				TARGETED_DEVICE_FAMILY = "1,2";
			};
			name = Release;
		};
/* End XCBuildConfiguration section */

/* Begin XCConfigurationList section */
		FA273FE32AE529C900363F8E /* Build configuration list for PBXProject "SwiftUIAnimations" */ = {
			isa = XCConfigurationList;
			buildConfigurations = (
				FA273FF42AE529C900363F8E /* Debug */,
				FA273FF52AE529C900363F8E /* Release */,
			);
			defaultConfigurationIsVisible = 0;
			defaultConfigurationName = Release;
		};
		FA273FF62AE529C900363F8E /* Build configuration list for PBXNativeTarget "SwiftUIAnimations" */ = {
			isa = XCConfigurationList;
			buildConfigurations = (
				FA273FF72AE529C900363F8E /* Debug */,
				FA273FF82AE529C900363F8E /* Release */,
			);
			defaultConfigurationIsVisible = 0;
			defaultConfigurationName = Release;
		};
/* End XCConfigurationList section */
	};
	rootObject = FA273FE02AE529C900363F8E /* Project object */;
}
